
Microsoft Visual Studio Solution File, Format Version 12.00
# Visual Studio 15
VisualStudioVersion = 15.0.28010.2046
MinimumVisualStudioVersion = 10.0.40219.1
Project("{FAE04EC0-301F-11D3-BF4B-00C04F79EFBC}") = "CSCI6030_ProgAssign2", "CSCI6030_ProgAssign2\CSCI6030_ProgAssign2.csproj", "{91625395-3C9A-4C61-BFF9-96DC761224D3}"
EndProject
Global
	GlobalSection(SolutionConfigurationPlatforms) = preSolution
		Debug|Any CPU = Debug|Any CPU
		Release|Any CPU = Release|Any CPU
	EndGlobalSection
	GlobalSection(ProjectConfigurationPlatforms) = postSolution
		{91625395-3C9A-4C61-BFF9-96DC761224D3}.Debug|Any CPU.ActiveCfg = Debug|Any CPU
		{91625395-3C9A-4C61-BFF9-96DC761224D3}.Debug|Any CPU.Build.0 = Debug|Any CPU
		{91625395-3C9A-4C61-BFF9-96DC761224D3}.Release|Any CPU.ActiveCfg = Release|Any CPU
		{91625395-3C9A-4C61-BFF9-96DC761224D3}.Release|Any CPU.Build.0 = Release|Any CPU
	EndGlobalSection
	GlobalSection(SolutionProperties) = preSolution
		HideSolutionNode = FALSE
	EndGlobalSection
	GlobalSection(ExtensibilityGlobals) = postSolution
		SolutionGuid = {0ED8FB07-E6C1-4CB5-A670-2BC05D56C803}
	EndGlobalSection
EndGlobal
